
Microsoft Visual Studio Solution File, Format Version 12.00
# Visual Studio Version 17
VisualStudioVersion = 17.3.32825.248
MinimumVisualStudioVersion = 10.0.40219.1
Project("{FAE04EC0-301F-11D3-BF4B-00C04F79EFBC}") = "EFDemo", "EFDemo\EFDemo.csproj", "{23865951-6FE8-4526-97FD-F336BE37063D}"
EndProject
Global
	GlobalSection(SolutionConfigurationPlatforms) = preSolution
		Debug|Any CPU = Debug|Any CPU
		Release|Any CPU = Release|Any CPU
	EndGlobalSection
	GlobalSection(ProjectConfigurationPlatforms) = postSolution
		{23865951-6FE8-4526-97FD-F336BE37063D}.Debug|Any CPU.ActiveCfg = Debug|Any CPU
		{23865951-6FE8-4526-97FD-F336BE37063D}.Debug|Any CPU.Build.0 = Debug|Any CPU
		{23865951-6FE8-4526-97FD-F336BE37063D}.Release|Any CPU.ActiveCfg = Release|Any CPU
		{23865951-6FE8-4526-97FD-F336BE37063D}.Release|Any CPU.Build.0 = Release|Any CPU
	EndGlobalSection
	GlobalSection(SolutionProperties) = preSolution
		HideSolutionNode = FALSE
	EndGlobalSection
	GlobalSection(ExtensibilityGlobals) = postSolution
		SolutionGuid = {9A6627A1-FE68-4501-92A3-05FAA67F5970}
	EndGlobalSection
EndGlobal
